Microsoft Visual Studio Solution File, Format Version 12.00
# Visual Studio 15
VisualStudioVersion = 15.0.26730.15
MinimumVisualStudioVersion = 10.0.40219.1
Project("{2150E333-8FDC-42A3-9474-1A3956D46DE8}") = "Common", "Common", "{EE93FFDE-2F72-41E5-BA26-AFD0681B1B92}"
	ProjectSection(SolutionItems) = preProject
		Directory.build.props = Directory.build.props
		LICENSE = LICENSE
		README.md = README.md
	EndProjectSection
EndProject
Project("{9A19103F-16F7-4668-BE54-9A1E7A4F7556}") = "Cql.Core.Caching", "Cql.Core.Caching\Cql.Core.Caching.csproj", "{DE02F776-6259-40EB-AC47-D210A2A278CF}"
EndProject
Project("{9A19103F-16F7-4668-BE54-9A1E7A4F7556}") = "Cql.Core.Common", "Cql.Core.Common\Cql.Core.Common.csproj", "{1563E1F0-D29B-44E3-8DC7-0145B9DA6029}"
EndProject
Project("{9A19103F-16F7-4668-BE54-9A1E7A4F7556}") = "Cql.Core.Messaging", "Cql.Core.Messaging\Cql.Core.Messaging.csproj", "{29B4C6BA-F7F7-43A3-9983-86C70BBE8848}"
EndProject
Project("{9A19103F-16F7-4668-BE54-9A1E7A4F7556}") = "Cql.Core.Messaging.Amazon", "Cql.Core.Messaging.Amazon\Cql.Core.Messaging.Amazon.csproj", "{CF2646C1-2087-4E47-8C82-BE22B76E8B6A}"
EndProject
Project("{9A19103F-16F7-4668-BE54-9A1E7A4F7556}") = "Cql.Core.NativeMethods.Logon", "Cql.Core.NativeMethods.Logon\Cql.Core.NativeMethods.Logon.csproj", "{EAB4BCF1-1368-434E-84B5-07AEE348A378}"
EndProject
Project("{9A19103F-16F7-4668-BE54-9A1E7A4F7556}") = "Cql.Core.Owin", "Cql.Core.Owin\Cql.Core.Owin.csproj", "{44BB1D95-A9AB-4DBF-BC73-ABD6C2201E92}"
EndProject
Project("{9A19103F-16F7-4668-BE54-9A1E7A4F7556}") = "Cql.Core.ServiceLocation", "Cql.Core.ServiceLocation\Cql.Core.ServiceLocation.csproj", "{E72188B3-139C-4BD6-8E21-081A68A28633}"
EndProject
Project("{9A19103F-16F7-4668-BE54-9A1E7A4F7556}") = "Cql.Core.Web", "Cql.Core.Web\Cql.Core.Web.csproj", "{2EBC675C-9DEC-47A0-8C46-372253272995}"
EndProject
Project("{9A19103F-16F7-4668-BE54-9A1E7A4F7556}") = "Cql.Core.Owin.Autofac", "Cql.Core.Owin.Autofac\Cql.Core.Owin.Autofac.csproj", "{8394A758-8CB7-497B-A29B-15247FFE2AD6}"
EndProject
Project("{9A19103F-16F7-4668-BE54-9A1E7A4F7556}") = "Cql.Core.SqlServer", "Cql.Core.SqlServer\Cql.Core.SqlServer.csproj", "{D55696B8-1CD2-4461-AFE5-2212D2282594}"
EndProject
Project("{9A19103F-16F7-4668-BE54-9A1E7A4F7556}") = "Cql.Core.Owin.Identity", "Cql.Core.Owin.Identity\Cql.Core.Owin.Identity.csproj", "{14D75971-43BF-4358-9C4F-E2BAE3D046D1}"
EndProject
Project("{9A19103F-16F7-4668-BE54-9A1E7A4F7556}") = "Cql.Core.Owin.IdentityTools", "Cql.Core.Owin.IdentityTools\Cql.Core.Owin.IdentityTools.csproj", "{732AB9A6-1848-4430-BBFE-D895220DCE85}"
EndProject
Project("{9A19103F-16F7-4668-BE54-9A1E7A4F7556}") = "Cql.Core.Owin.Identity.Migrations", "Cql.Core.Owin.Identity.Migrations\Cql.Core.Owin.Identity.Migrations.csproj", "{716599B9-FACC-49D9-9E0C-D761D054F18F}"
EndProject
Project("{9A19103F-16F7-4668-BE54-9A1E7A4F7556}") = "Cql.Core.Owin.IdentityData", "Cql.Core.Owin.IdentityData\Cql.Core.Owin.IdentityData.csproj", "{56A3412D-F0D0-4FAC-964F-5A9E4AC4CCC2}"
EndProject
Project("{9A19103F-16F7-4668-BE54-9A1E7A4F7556}") = "Cql.Core.Owin.SwaggerDocs", "Cql.Core.Owin.SwaggerDocs\Cql.Core.Owin.SwaggerDocs.csproj", "{280A6951-6B37-4836-8003-BB0D9B7E602F}"
EndProject
Project("{9A19103F-16F7-4668-BE54-9A1E7A4F7556}") = "Cql.Core.Owin.WebPack", "Cql.Core.Owin.WebPack\Cql.Core.Owin.WebPack.csproj", "{43120751-2E09-419D-8562-5BF5D3BA36A0}"
EndProject
Project("{9A19103F-16F7-4668-BE54-9A1E7A4F7556}") = "Cql.Core.SqlReportingServices", "Cql.Core.SqlReportingServices\Cql.Core.SqlReportingServices.csproj", "{023AC1A3-94A6-4A92-BB56-C002431B5D1C}"
EndProject
Project("{9A19103F-16F7-4668-BE54-9A1E7A4F7556}") = "Cql.Core.TransactionScopes", "Cql.Core.TransactionScopes\Cql.Core.TransactionScopes.csproj", "{1BA23C66-209B-4201-A402-C8389E078CCC}"
EndProject
Project("{9A19103F-16F7-4668-BE54-9A1E7A4F7556}") = "Cql.Core.AspNetCore", "Cql.Core.AspNetCore\Cql.Core.AspNetCore.csproj", "{D98D48E8-4457-4D3F-BEAA-C35920E214BF}"
EndProject
Global
	GlobalSection(SolutionConfigurationPlatforms) = preSolution
		Debug|Any CPU = Debug|Any CPU
		Debug|x64 = Debug|x64
		Debug|x86 = Debug|x86
		Release|Any CPU = Release|Any CPU
		Release|x64 = Release|x64
		Release|x86 = Release|x86
	EndGlobalSection
	GlobalSection(ProjectConfigurationPlatforms) = postSolution
		{DE02F776-6259-40EB-AC47-D210A2A278CF}.Debug|Any CPU.ActiveCfg = Debug|Any CPU
		{DE02F776-6259-40EB-AC47-D210A2A278CF}.Debug|Any CPU.Build.0 = Debug|Any CPU
		{DE02F776-6259-40EB-AC47-D210A2A278CF}.Debug|x64.ActiveCfg = Debug|Any CPU
		{DE02F776-6259-40EB-AC47-D210A2A278CF}.Debug|x64.Build.0 = Debug|Any CPU
		{DE02F776-6259-40EB-AC47-D210A2A278CF}.Debug|x86.ActiveCfg = Debug|Any CPU
		{DE02F776-6259-40EB-AC47-D210A2A278CF}.Debug|x86.Build.0 = Debug|Any CPU
		{DE02F776-6259-40EB-AC47-D210A2A278CF}.Release|Any CPU.ActiveCfg = Release|Any CPU
		{DE02F776-6259-40EB-AC47-D210A2A278CF}.Release|Any CPU.Build.0 = Release|Any CPU
		{DE02F776-6259-40EB-AC47-D210A2A278CF}.Release|x64.ActiveCfg = Release|Any CPU
		{DE02F776-6259-40EB-AC47-D210A2A278CF}.Release|x64.Build.0 = Release|Any CPU
		{DE02F776-6259-40EB-AC47-D210A2A278CF}.Release|x86.ActiveCfg = Release|Any CPU
		{DE02F776-6259-40EB-AC47-D210A2A278CF}.Release|x86.Build.0 = Release|Any CPU
		{1563E1F0-D29B-44E3-8DC7-0145B9DA6029}.Debug|Any CPU.ActiveCfg = Debug|Any CPU
		{1563E1F0-D29B-44E3-8DC7-0145B9DA6029}.Debug|Any CPU.Build.0 = Debug|Any CPU
		{1563E1F0-D29B-44E3-8DC7-0145B9DA6029}.Debug|x64.ActiveCfg = Debug|Any CPU
		{1563E1F0-D29B-44E3-8DC7-0145B9DA6029}.Debug|x64.Build.0 = Debug|Any CPU
		{1563E1F0-D29B-44E3-8DC7-0145B9DA6029}.Debug|x86.ActiveCfg = Debug|Any CPU
		{1563E1F0-D29B-44E3-8DC7-0145B9DA6029}.Debug|x86.Build.0 = Debug|Any CPU
		{1563E1F0-D29B-44E3-8DC7-0145B9DA6029}.Release|Any CPU.ActiveCfg = Release|Any CPU
		{1563E1F0-D29B-44E3-8DC7-0145B9DA6029}.Release|Any CPU.Build.0 = Release|Any CPU
		{1563E1F0-D29B-44E3-8DC7-0145B9DA6029}.Release|x64.ActiveCfg = Release|Any CPU
		{1563E1F0-D29B-44E3-8DC7-0145B9DA6029}.Release|x64.Build.0 = Release|Any CPU
		{1563E1F0-D29B-44E3-8DC7-0145B9DA6029}.Release|x86.ActiveCfg = Release|Any CPU
		{1563E1F0-D29B-44E3-8DC7-0145B9DA6029}.Release|x86.Build.0 = Release|Any CPU
		{29B4C6BA-F7F7-43A3-9983-86C70BBE8848}.Debug|Any CPU.ActiveCfg = Debug|Any CPU
		{29B4C6BA-F7F7-43A3-9983-86C70BBE8848}.Debug|Any CPU.Build.0 = Debug|Any CPU
		{29B4C6BA-F7F7-43A3-9983-86C70BBE8848}.Debug|x64.ActiveCfg = Debug|Any CPU
		{29B4C6BA-F7F7-43A3-9983-86C70BBE8848}.Debug|x64.Build.0 = Debug|Any CPU
		{29B4C6BA-F7F7-43A3-9983-86C70BBE8848}.Debug|x86.ActiveCfg = Debug|Any CPU
		{29B4C6BA-F7F7-43A3-9983-86C70BBE8848}.Debug|x86.Build.0 = Debug|Any CPU
		{29B4C6BA-F7F7-43A3-9983-86C70BBE8848}.Release|Any CPU.ActiveCfg = Release|Any CPU
		{29B4C6BA-F7F7-43A3-9983-86C70BBE8848}.Release|Any CPU.Build.0 = Release|Any CPU
		{29B4C6BA-F7F7-43A3-9983-86C70BBE8848}.Release|x64.ActiveCfg = Release|Any CPU
		{29B4C6BA-F7F7-43A3-9983-86C70BBE8848}.Release|x64.Build.0 = Release|Any CPU
		{29B4C6BA-F7F7-43A3-9983-86C70BBE8848}.Release|x86.ActiveCfg = Release|Any CPU
		{29B4C6BA-F7F7-43A3-9983-86C70BBE8848}.Release|x86.Build.0 = Release|Any CPU
		{CF2646C1-2087-4E47-8C82-BE22B76E8B6A}.Debug|Any CPU.ActiveCfg = Debug|Any CPU
		{CF2646C1-2087-4E47-8C82-BE22B76E8B6A}.Debug|Any CPU.Build.0 = Debug|Any CPU
		{CF2646C1-2087-4E47-8C82-BE22B76E8B6A}.Debug|x64.ActiveCfg = Debug|Any CPU
		{CF2646C1-2087-4E47-8C82-BE22B76E8B6A}.Debug|x64.Build.0 = Debug|Any CPU
		{CF2646C1-2087-4E47-8C82-BE22B76E8B6A}.Debug|x86.ActiveCfg = Debug|Any CPU
		{CF2646C1-2087-4E47-8C82-BE22B76E8B6A}.Debug|x86.Build.0 = Debug|Any CPU
		{CF2646C1-2087-4E47-8C82-BE22B76E8B6A}.Release|Any CPU.ActiveCfg = Release|Any CPU
		{CF2646C1-2087-4E47-8C82-BE22B76E8B6A}.Release|Any CPU.Build.0 = Release|Any CPU
		{CF2646C1-2087-4E47-8C82-BE22B76E8B6A}.Release|x64.ActiveCfg = Release|Any CPU
		{CF2646C1-2087-4E47-8C82-BE22B76E8B6A}.Release|x64.Build.0 = Release|Any CPU
		{CF2646C1-2087-4E47-8C82-BE22B76E8B6A}.Release|x86.ActiveCfg = Release|Any CPU
		{CF2646C1-2087-4E47-8C82-BE22B76E8B6A}.Release|x86.Build.0 = Release|Any CPU
		{EAB4BCF1-1368-434E-84B5-07AEE348A378}.Debug|Any CPU.ActiveCfg = Debug|Any CPU
		{EAB4BCF1-1368-434E-84B5-07AEE348A378}.Debug|Any CPU.Build.0 = Debug|Any CPU
		{EAB4BCF1-1368-434E-84B5-07AEE348A378}.Debug|x64.ActiveCfg = Debug|Any CPU
		{EAB4BCF1-1368-434E-84B5-07AEE348A378}.Debug|x64.Build.0 = Debug|Any CPU
		{EAB4BCF1-1368-434E-84B5-07AEE348A378}.Debug|x86.ActiveCfg = Debug|Any CPU
		{EAB4BCF1-1368-434E-84B5-07AEE348A378}.Debug|x86.Build.0 = Debug|Any CPU
		{EAB4BCF1-1368-434E-84B5-07AEE348A378}.Release|Any CPU.ActiveCfg = Release|Any CPU
		{EAB4BCF1-1368-434E-84B5-07AEE348A378}.Release|Any CPU.Build.0 = Release|Any CPU
		{EAB4BCF1-1368-434E-84B5-07AEE348A378}.Release|x64.ActiveCfg = Release|Any CPU
		{EAB4BCF1-1368-434E-84B5-07AEE348A378}.Release|x64.Build.0 = Release|Any CPU
		{EAB4BCF1-1368-434E-84B5-07AEE348A378}.Release|x86.ActiveCfg = Release|Any CPU
		{EAB4BCF1-1368-434E-84B5-07AEE348A378}.Release|x86.Build.0 = Release|Any CPU
		{44BB1D95-A9AB-4DBF-BC73-ABD6C2201E92}.Debug|Any CPU.ActiveCfg = Debug|Any CPU
		{44BB1D95-A9AB-4DBF-BC73-ABD6C2201E92}.Debug|Any CPU.Build.0 = Debug|Any CPU
		{44BB1D95-A9AB-4DBF-BC73-ABD6C2201E92}.Debug|x64.ActiveCfg = Debug|Any CPU
		{44BB1D95-A9AB-4DBF-BC73-ABD6C2201E92}.Debug|x64.Build.0 = Debug|Any CPU
		{44BB1D95-A9AB-4DBF-BC73-ABD6C2201E92}.Debug|x86.ActiveCfg = Debug|Any CPU
		{44BB1D95-A9AB-4DBF-BC73-ABD6C2201E92}.Debug|x86.Build.0 = Debug|Any CPU
		{44BB1D95-A9AB-4DBF-BC73-ABD6C2201E92}.Release|Any CPU.ActiveCfg = Release|Any CPU
		{44BB1D95-A9AB-4DBF-BC73-ABD6C2201E92}.Release|Any CPU.Build.0 = Release|Any CPU
		{44BB1D95-A9AB-4DBF-BC73-ABD6C2201E92}.Release|x64.ActiveCfg = Release|Any CPU
		{44BB1D95-A9AB-4DBF-BC73-ABD6C2201E92}.Release|x64.Build.0 = Release|Any CPU
		{44BB1D95-A9AB-4DBF-BC73-ABD6C2201E92}.Release|x86.ActiveCfg = Release|Any CPU
		{44BB1D95-A9AB-4DBF-BC73-ABD6C2201E92}.Release|x86.Build.0 = Release|Any CPU
		{E72188B3-139C-4BD6-8E21-081A68A28633}.Debug|Any CPU.ActiveCfg = Debug|Any CPU
		{E72188B3-139C-4BD6-8E21-081A68A28633}.Debug|Any CPU.Build.0 = Debug|Any CPU
		{E72188B3-139C-4BD6-8E21-081A68A28633}.Debug|x64.ActiveCfg = Debug|Any CPU
		{E72188B3-139C-4BD6-8E21-081A68A28633}.Debug|x64.Build.0 = Debug|Any CPU
		{E72188B3-139C-4BD6-8E21-081A68A28633}.Debug|x86.ActiveCfg = Debug|Any CPU
		{E72188B3-139C-4BD6-8E21-081A68A28633}.Debug|x86.Build.0 = Debug|Any CPU
		{E72188B3-139C-4BD6-8E21-081A68A28633}.Release|Any CPU.ActiveCfg = Release|Any CPU
		{E72188B3-139C-4BD6-8E21-081A68A28633}.Release|Any CPU.Build.0 = Release|Any CPU
		{E72188B3-139C-4BD6-8E21-081A68A28633}.Release|x64.ActiveCfg = Release|Any CPU
		{E72188B3-139C-4BD6-8E21-081A68A28633}.Release|x64.Build.0 = Release|Any CPU
		{E72188B3-139C-4BD6-8E21-081A68A28633}.Release|x86.ActiveCfg = Release|Any CPU
		{E72188B3-139C-4BD6-8E21-081A68A28633}.Release|x86.Build.0 = Release|Any CPU
		{2EBC675C-9DEC-47A0-8C46-372253272995}.Debug|Any CPU.ActiveCfg = Debug|Any CPU
		{2EBC675C-9DEC-47A0-8C46-372253272995}.Debug|Any CPU.Build.0 = Debug|Any CPU
		{2EBC675C-9DEC-47A0-8C46-372253272995}.Debug|x64.ActiveCfg = Debug|Any CPU
		{2EBC675C-9DEC-47A0-8C46-372253272995}.Debug|x64.Build.0 = Debug|Any CPU
		{2EBC675C-9DEC-47A0-8C46-372253272995}.Debug|x86.ActiveCfg = Debug|Any CPU
		{2EBC675C-9DEC-47A0-8C46-372253272995}.Debug|x86.Build.0 = Debug|Any CPU
		{2EBC675C-9DEC-47A0-8C46-372253272995}.Release|Any CPU.ActiveCfg = Release|Any CPU
		{2EBC675C-9DEC-47A0-8C46-372253272995}.Release|Any CPU.Build.0 = Release|Any CPU
		{2EBC675C-9DEC-47A0-8C46-372253272995}.Release|x64.ActiveCfg = Release|Any CPU
		{2EBC675C-9DEC-47A0-8C46-372253272995}.Release|x64.Build.0 = Release|Any CPU
		{2EBC675C-9DEC-47A0-8C46-372253272995}.Release|x86.ActiveCfg = Release|Any CPU
		{2EBC675C-9DEC-47A0-8C46-372253272995}.Release|x86.Build.0 = Release|Any CPU
		{8394A758-8CB7-497B-A29B-15247FFE2AD6}.Debug|Any CPU.ActiveCfg = Debug|Any CPU
		{8394A758-8CB7-497B-A29B-15247FFE2AD6}.Debug|Any CPU.Build.0 = Debug|Any CPU
		{8394A758-8CB7-497B-A29B-15247FFE2AD6}.Debug|x64.ActiveCfg = Debug|Any CPU
		{8394A758-8CB7-497B-A29B-15247FFE2AD6}.Debug|x64.Build.0 = Debug|Any CPU
		{8394A758-8CB7-497B-A29B-15247FFE2AD6}.Debug|x86.ActiveCfg = Debug|Any CPU
		{8394A758-8CB7-497B-A29B-15247FFE2AD6}.Debug|x86.Build.0 = Debug|Any CPU
		{8394A758-8CB7-497B-A29B-15247FFE2AD6}.Release|Any CPU.ActiveCfg = Release|Any CPU
		{8394A758-8CB7-497B-A29B-15247FFE2AD6}.Release|Any CPU.Build.0 = Release|Any CPU
		{8394A758-8CB7-497B-A29B-15247FFE2AD6}.Release|x64.ActiveCfg = Release|Any CPU
		{8394A758-8CB7-497B-A29B-15247FFE2AD6}.Release|x64.Build.0 = Release|Any CPU
		{8394A758-8CB7-497B-A29B-15247FFE2AD6}.Release|x86.ActiveCfg = Release|Any CPU
		{8394A758-8CB7-497B-A29B-15247FFE2AD6}.Release|x86.Build.0 = Release|Any CPU
		{D55696B8-1CD2-4461-AFE5-2212D2282594}.Debug|Any CPU.ActiveCfg = Debug|Any CPU
		{D55696B8-1CD2-4461-AFE5-2212D2282594}.Debug|Any CPU.Build.0 = Debug|Any CPU
		{D55696B8-1CD2-4461-AFE5-2212D2282594}.Debug|x64.ActiveCfg = Debug|Any CPU
		{D55696B8-1CD2-4461-AFE5-2212D2282594}.Debug|x64.Build.0 = Debug|Any CPU
		{D55696B8-1CD2-4461-AFE5-2212D2282594}.Debug|x86.ActiveCfg = Debug|Any CPU
		{D55696B8-1CD2-4461-AFE5-2212D2282594}.Debug|x86.Build.0 = Debug|Any CPU
		{D55696B8-1CD2-4461-AFE5-2212D2282594}.Release|Any CPU.ActiveCfg = Release|Any CPU
		{D55696B8-1CD2-4461-AFE5-2212D2282594}.Release|Any CPU.Build.0 = Release|Any CPU
		{D55696B8-1CD2-4461-AFE5-2212D2282594}.Release|x64.ActiveCfg = Release|Any CPU
		{D55696B8-1CD2-4461-AFE5-2212D2282594}.Release|x64.Build.0 = Release|Any CPU
		{D55696B8-1CD2-4461-AFE5-2212D2282594}.Release|x86.ActiveCfg = Release|Any CPU
		{D55696B8-1CD2-4461-AFE5-2212D2282594}.Release|x86.Build.0 = Release|Any CPU
		{14D75971-43BF-4358-9C4F-E2BAE3D046D1}.Debug|Any CPU.ActiveCfg = Debug|Any CPU
		{14D75971-43BF-4358-9C4F-E2BAE3D046D1}.Debug|Any CPU.Build.0 = Debug|Any CPU
		{14D75971-43BF-4358-9C4F-E2BAE3D046D1}.Debug|x64.ActiveCfg = Debug|Any CPU
		{14D75971-43BF-4358-9C4F-E2BAE3D046D1}.Debug|x64.Build.0 = Debug|Any CPU
		{14D75971-43BF-4358-9C4F-E2BAE3D046D1}.Debug|x86.ActiveCfg = Debug|Any CPU
		{14D75971-43BF-4358-9C4F-E2BAE3D046D1}.Debug|x86.Build.0 = Debug|Any CPU
		{14D75971-43BF-4358-9C4F-E2BAE3D046D1}.Release|Any CPU.ActiveCfg = Release|Any CPU
		{14D75971-43BF-4358-9C4F-E2BAE3D046D1}.Release|Any CPU.Build.0 = Release|Any CPU
		{14D75971-43BF-4358-9C4F-E2BAE3D046D1}.Release|x64.ActiveCfg = Release|Any CPU
		{14D75971-43BF-4358-9C4F-E2BAE3D046D1}.Release|x64.Build.0 = Release|Any CPU
		{14D75971-43BF-4358-9C4F-E2BAE3D046D1}.Release|x86.ActiveCfg = Release|Any CPU
		{14D75971-43BF-4358-9C4F-E2BAE3D046D1}.Release|x86.Build.0 = Release|Any CPU
		{732AB9A6-1848-4430-BBFE-D895220DCE85}.Debug|Any CPU.ActiveCfg = Debug|Any CPU
		{732AB9A6-1848-4430-BBFE-D895220DCE85}.Debug|Any CPU.Build.0 = Debug|Any CPU
		{732AB9A6-1848-4430-BBFE-D895220DCE85}.Debug|x64.ActiveCfg = Debug|Any CPU
		{732AB9A6-1848-4430-BBFE-D895220DCE85}.Debug|x64.Build.0 = Debug|Any CPU
		{732AB9A6-1848-4430-BBFE-D895220DCE85}.Debug|x86.ActiveCfg = Debug|Any CPU
		{732AB9A6-1848-4430-BBFE-D895220DCE85}.Debug|x86.Build.0 = Debug|Any CPU
		{732AB9A6-1848-4430-BBFE-D895220DCE85}.Release|Any CPU.ActiveCfg = Release|Any CPU
		{732AB9A6-1848-4430-BBFE-D895220DCE85}.Release|Any CPU.Build.0 = Release|Any CPU
		{732AB9A6-1848-4430-BBFE-D895220DCE85}.Release|x64.ActiveCfg = Release|Any CPU
		{732AB9A6-1848-4430-BBFE-D895220DCE85}.Release|x64.Build.0 = Release|Any CPU
		{732AB9A6-1848-4430-BBFE-D895220DCE85}.Release|x86.ActiveCfg = Release|Any CPU
		{732AB9A6-1848-4430-BBFE-D895220DCE85}.Release|x86.Build.0 = Release|Any CPU
		{716599B9-FACC-49D9-9E0C-D761D054F18F}.Debug|Any CPU.ActiveCfg = Debug|Any CPU
		{716599B9-FACC-49D9-9E0C-D761D054F18F}.Debug|Any CPU.Build.0 = Debug|Any CPU
		{716599B9-FACC-49D9-9E0C-D761D054F18F}.Debug|x64.ActiveCfg = Debug|Any CPU
		{716599B9-FACC-49D9-9E0C-D761D054F18F}.Debug|x64.Build.0 = Debug|Any CPU
		{716599B9-FACC-49D9-9E0C-D761D054F18F}.Debug|x86.ActiveCfg = Debug|Any CPU
		{716599B9-FACC-49D9-9E0C-D761D054F18F}.Debug|x86.Build.0 = Debug|Any CPU
		{716599B9-FACC-49D9-9E0C-D761D054F18F}.Release|Any CPU.ActiveCfg = Release|Any CPU
		{716599B9-FACC-49D9-9E0C-D761D054F18F}.Release|Any CPU.Build.0 = Release|Any CPU
		{716599B9-FACC-49D9-9E0C-D761D054F18F}.Release|x64.ActiveCfg = Release|Any CPU
		{716599B9-FACC-49D9-9E0C-D761D054F18F}.Release|x64.Build.0 = Release|Any CPU
		{716599B9-FACC-49D9-9E0C-D761D054F18F}.Release|x86.ActiveCfg = Release|Any CPU
		{716599B9-FACC-49D9-9E0C-D761D054F18F}.Release|x86.Build.0 = Release|Any CPU
		{56A3412D-F0D0-4FAC-964F-5A9E4AC4CCC2}.Debug|Any CPU.ActiveCfg = Debug|Any CPU
		{56A3412D-F0D0-4FAC-964F-5A9E4AC4CCC2}.Debug|Any CPU.Build.0 = Debug|Any CPU
		{56A3412D-F0D0-4FAC-964F-5A9E4AC4CCC2}.Debug|x64.ActiveCfg = Debug|Any CPU
		{56A3412D-F0D0-4FAC-964F-5A9E4AC4CCC2}.Debug|x64.Build.0 = Debug|Any CPU
		{56A3412D-F0D0-4FAC-964F-5A9E4AC4CCC2}.Debug|x86.ActiveCfg = Debug|Any CPU
		{56A3412D-F0D0-4FAC-964F-5A9E4AC4CCC2}.Debug|x86.Build.0 = Debug|Any CPU
		{56A3412D-F0D0-4FAC-964F-5A9E4AC4CCC2}.Release|Any CPU.ActiveCfg = Release|Any CPU
		{56A3412D-F0D0-4FAC-964F-5A9E4AC4CCC2}.Release|Any CPU.Build.0 = Release|Any CPU
		{56A3412D-F0D0-4FAC-964F-5A9E4AC4CCC2}.Release|x64.ActiveCfg = Release|Any CPU
		{56A3412D-F0D0-4FAC-964F-5A9E4AC4CCC2}.Release|x64.Build.0 = Release|Any CPU
		{56A3412D-F0D0-4FAC-964F-5A9E4AC4CCC2}.Release|x86.ActiveCfg = Release|Any CPU
		{56A3412D-F0D0-4FAC-964F-5A9E4AC4CCC2}.Release|x86.Build.0 = Release|Any CPU
		{280A6951-6B37-4836-8003-BB0D9B7E602F}.Debug|Any CPU.ActiveCfg = Debug|Any CPU
		{280A6951-6B37-4836-8003-BB0D9B7E602F}.Debug|Any CPU.Build.0 = Debug|Any CPU
		{280A6951-6B37-4836-8003-BB0D9B7E602F}.Debug|x64.ActiveCfg = Debug|Any CPU
		{280A6951-6B37-4836-8003-BB0D9B7E602F}.Debug|x64.Build.0 = Debug|Any CPU
		{280A6951-6B37-4836-8003-BB0D9B7E602F}.Debug|x86.ActiveCfg = Debug|Any CPU
		{280A6951-6B37-4836-8003-BB0D9B7E602F}.Debug|x86.Build.0 = Debug|Any CPU
		{280A6951-6B37-4836-8003-BB0D9B7E602F}.Release|Any CPU.ActiveCfg = Release|Any CPU
		{280A6951-6B37-4836-8003-BB0D9B7E602F}.Release|Any CPU.Build.0 = Release|Any CPU
		{280A6951-6B37-4836-8003-BB0D9B7E602F}.Release|x64.ActiveCfg = Release|Any CPU
		{280A6951-6B37-4836-8003-BB0D9B7E602F}.Release|x64.Build.0 = Release|Any CPU
		{280A6951-6B37-4836-8003-BB0D9B7E602F}.Release|x86.ActiveCfg = Release|Any CPU
		{280A6951-6B37-4836-8003-BB0D9B7E602F}.Release|x86.Build.0 = Release|Any CPU
		{43120751-2E09-419D-8562-5BF5D3BA36A0}.Debug|Any CPU.ActiveCfg = Debug|Any CPU
		{43120751-2E09-419D-8562-5BF5D3BA36A0}.Debug|Any CPU.Build.0 = Debug|Any CPU
		{43120751-2E09-419D-8562-5BF5D3BA36A0}.Debug|x64.ActiveCfg = Debug|Any CPU
		{43120751-2E09-419D-8562-5BF5D3BA36A0}.Debug|x64.Build.0 = Debug|Any CPU
		{43120751-2E09-419D-8562-5BF5D3BA36A0}.Debug|x86.ActiveCfg = Debug|Any CPU
		{43120751-2E09-419D-8562-5BF5D3BA36A0}.Debug|x86.Build.0 = Debug|Any CPU
		{43120751-2E09-419D-8562-5BF5D3BA36A0}.Release|Any CPU.ActiveCfg = Release|Any CPU
		{43120751-2E09-419D-8562-5BF5D3BA36A0}.Release|Any CPU.Build.0 = Release|Any CPU
		{43120751-2E09-419D-8562-5BF5D3BA36A0}.Release|x64.ActiveCfg = Release|Any CPU
		{43120751-2E09-419D-8562-5BF5D3BA36A0}.Release|x64.Build.0 = Release|Any CPU
		{43120751-2E09-419D-8562-5BF5D3BA36A0}.Release|x86.ActiveCfg = Release|Any CPU
		{43120751-2E09-419D-8562-5BF5D3BA36A0}.Release|x86.Build.0 = Release|Any CPU
		{023AC1A3-94A6-4A92-BB56-C002431B5D1C}.Debug|Any CPU.ActiveCfg = Debug|Any CPU
		{023AC1A3-94A6-4A92-BB56-C002431B5D1C}.Debug|Any CPU.Build.0 = Debug|Any CPU
		{023AC1A3-94A6-4A92-BB56-C002431B5D1C}.Debug|x64.ActiveCfg = Debug|Any CPU
		{023AC1A3-94A6-4A92-BB56-C002431B5D1C}.Debug|x64.Build.0 = Debug|Any CPU
		{023AC1A3-94A6-4A92-BB56-C002431B5D1C}.Debug|x86.ActiveCfg = Debug|Any CPU
		{023AC1A3-94A6-4A92-BB56-C002431B5D1C}.Debug|x86.Build.0 = Debug|Any CPU
		{023AC1A3-94A6-4A92-BB56-C002431B5D1C}.Release|Any CPU.ActiveCfg = Release|Any CPU
		{023AC1A3-94A6-4A92-BB56-C002431B5D1C}.Release|Any CPU.Build.0 = Release|Any CPU
		{023AC1A3-94A6-4A92-BB56-C002431B5D1C}.Release|x64.ActiveCfg = Release|Any CPU
		{023AC1A3-94A6-4A92-BB56-C002431B5D1C}.Release|x64.Build.0 = Release|Any CPU
		{023AC1A3-94A6-4A92-BB56-C002431B5D1C}.Release|x86.ActiveCfg = Release|Any CPU
		{023AC1A3-94A6-4A92-BB56-C002431B5D1C}.Release|x86.Build.0 = Release|Any CPU
		{1BA23C66-209B-4201-A402-C8389E078CCC}.Debug|Any CPU.ActiveCfg = Debug|Any CPU
		{1BA23C66-209B-4201-A402-C8389E078CCC}.Debug|Any CPU.Build.0 = Debug|Any CPU
		{1BA23C66-209B-4201-A402-C8389E078CCC}.Debug|x64.ActiveCfg = Debug|Any CPU
		{1BA23C66-209B-4201-A402-C8389E078CCC}.Debug|x64.Build.0 = Debug|Any CPU
		{1BA23C66-209B-4201-A402-C8389E078CCC}.Debug|x86.ActiveCfg = Debug|Any CPU
		{1BA23C66-209B-4201-A402-C8389E078CCC}.Debug|x86.Build.0 = Debug|Any CPU
		{1BA23C66-209B-4201-A402-C8389E078CCC}.Release|Any CPU.ActiveCfg = Release|Any CPU
		{1BA23C66-209B-4201-A402-C8389E078CCC}.Release|Any CPU.Build.0 = Release|Any CPU
		{1BA23C66-209B-4201-A402-C8389E078CCC}.Release|x64.ActiveCfg = Release|Any CPU
		{1BA23C66-209B-4201-A402-C8389E078CCC}.Release|x64.Build.0 = Release|Any CPU
		{1BA23C66-209B-4201-A402-C8389E078CCC}.Release|x86.ActiveCfg = Release|Any CPU
		{1BA23C66-209B-4201-A402-C8389E078CCC}.Release|x86.Build.0 = Release|Any CPU
		{D98D48E8-4457-4D3F-BEAA-C35920E214BF}.Debug|Any CPU.ActiveCfg = Debug|Any CPU
		{D98D48E8-4457-4D3F-BEAA-C35920E214BF}.Debug|Any CPU.Build.0 = Debug|Any CPU
		{D98D48E8-4457-4D3F-BEAA-C35920E214BF}.Debug|x64.ActiveCfg = Debug|Any CPU
		{D98D48E8-4457-4D3F-BEAA-C35920E214BF}.Debug|x64.Build.0 = Debug|Any CPU
		{D98D48E8-4457-4D3F-BEAA-C35920E214BF}.Debug|x86.ActiveCfg = Debug|Any CPU
		{D98D48E8-4457-4D3F-BEAA-C35920E214BF}.Debug|x86.Build.0 = Debug|Any CPU
		{D98D48E8-4457-4D3F-BEAA-C35920E214BF}.Release|Any CPU.ActiveCfg = Release|Any CPU
		{D98D48E8-4457-4D3F-BEAA-C35920E214BF}.Release|Any CPU.Build.0 = Release|Any CPU
		{D98D48E8-4457-4D3F-BEAA-C35920E214BF}.Release|x64.ActiveCfg = Release|Any CPU
		{D98D48E8-4457-4D3F-BEAA-C35920E214BF}.Release|x64.Build.0 = Release|Any CPU
		{D98D48E8-4457-4D3F-BEAA-C35920E214BF}.Release|x86.ActiveCfg = Release|Any CPU
		{D98D48E8-4457-4D3F-BEAA-C35920E214BF}.Release|x86.Build.0 = Release|Any CPU
	EndGlobalSection
	GlobalSection(SolutionProperties) = preSolution
		HideSolutionNode = FALSE
	EndGlobalSection
	GlobalSection(ExtensibilityGlobals) = postSolution
		SolutionGuid = {871FDDD0-11BD-4EEB-8A7A-FE0CE6468942}
	EndGlobalSection
EndGlobal
